# THIS IS AN AUTOGENERATED FILE. DO NOT EDIT THIS FILE DIRECTLY.
# yarn lockfile v1


three@^0.161.0:
  version "0.161.0"
  resolved "https://registry.yarnpkg.com/three/-/three-0.161.0.tgz#38aafaa82fe5467fde2e33933515d1b6beb17d91"
  integrity sha512-LC28VFtjbOyEu5b93K0bNRLw1rQlMJ85lilKsYj6dgTu+7i17W+JCCEbvrpmNHF1F3NAUqDSWq50UD7w9H2xQw==
